
Microsoft Visual Studio Solution File, Format Version 12.00
# Visual Studio 2017
Project("{FAE04EC0-301F-11D3-BF4B-00C04F79EFBC}") = "VR Testing", "VR Testing.csproj", "{6B19DF5B-E330-AB78-A189-AFC59C947AA0}"
EndProject
Project("{FAE04EC0-301F-11D3-BF4B-00C04F79EFBC}") = "VR Testing.Plugins", "VR Testing.Plugins.csproj", "{223675CC-2E3E-B174-13E7-C4E44AE820F8}"
EndProject
Project("{FAE04EC0-301F-11D3-BF4B-00C04F79EFBC}") = "VR Testing.Editor", "VR Testing.Editor.csproj", "{60221CED-B436-9A2F-A151-B37FFAC03F44}"
EndProject
Project("{FAE04EC0-301F-11D3-BF4B-00C04F79EFBC}") = "VR Testing.Editor.Plugins", "VR Testing.Editor.Plugins.csproj", "{8497FC49-9FE6-CF32-2180-D8C587351E58}"
EndProject
Global
	GlobalSection(SolutionConfigurationPlatforms) = preSolution
		Debug|Any CPU = Debug|Any CPU
		Release|Any CPU = Release|Any CPU
	EndGlobalSection
	GlobalSection(ProjectConfigurationPlatforms) = postSolution
		{6B19DF5B-E330-AB78-A189-AFC59C947AA0}.Debug|Any CPU.ActiveCfg = Debug|Any CPU
		{6B19DF5B-E330-AB78-A189-AFC59C947AA0}.Debug|Any CPU.Build.0 = Debug|Any CPU
		{6B19DF5B-E330-AB78-A189-AFC59C947AA0}.Release|Any CPU.ActiveCfg = Release|Any CPU
		{6B19DF5B-E330-AB78-A189-AFC59C947AA0}.Release|Any CPU.Build.0 = Release|Any CPU
		{223675CC-2E3E-B174-13E7-C4E44AE820F8}.Debug|Any CPU.ActiveCfg = Debug|Any CPU
		{223675CC-2E3E-B174-13E7-C4E44AE820F8}.Debug|Any CPU.Build.0 = Debug|Any CPU
		{223675CC-2E3E-B174-13E7-C4E44AE820F8}.Release|Any CPU.ActiveCfg = Release|Any CPU
		{223675CC-2E3E-B174-13E7-C4E44AE820F8}.Release|Any CPU.Build.0 = Release|Any CPU
		{60221CED-B436-9A2F-A151-B37FFAC03F44}.Debug|Any CPU.ActiveCfg = Debug|Any CPU
		{60221CED-B436-9A2F-A151-B37FFAC03F44}.Debug|Any CPU.Build.0 = Debug|Any CPU
		{60221CED-B436-9A2F-A151-B37FFAC03F44}.Release|Any CPU.ActiveCfg = Release|Any CPU
		{60221CED-B436-9A2F-A151-B37FFAC03F44}.Release|Any CPU.Build.0 = Release|Any CPU
		{8497FC49-9FE6-CF32-2180-D8C587351E58}.Debug|Any CPU.ActiveCfg = Debug|Any CPU
		{8497FC49-9FE6-CF32-2180-D8C587351E58}.Debug|Any CPU.Build.0 = Debug|Any CPU
		{8497FC49-9FE6-CF32-2180-D8C587351E58}.Release|Any CPU.ActiveCfg = Release|Any CPU
		{8497FC49-9FE6-CF32-2180-D8C587351E58}.Release|Any CPU.Build.0 = Release|Any CPU
	EndGlobalSection
	GlobalSection(SolutionProperties) = preSolution
		HideSolutionNode = FALSE
	EndGlobalSection
EndGlobal
