
Microsoft Visual Studio Solution File, Format Version 12.00
# Visual Studio 2017
Project("{FAE04EC0-301F-11D3-BF4B-00C04F79EFBC}") = "VR Testing new", "VR Testing new.csproj", "{AA6ECA52-0AAF-82E7-96A9-0A44BDC70195}"
EndProject
Project("{FAE04EC0-301F-11D3-BF4B-00C04F79EFBC}") = "VR Testing new.Plugins", "VR Testing new.Plugins.csproj", "{4B2A2826-88EA-FB7D-9584-2D6FD070F9BA}"
EndProject
Project("{FAE04EC0-301F-11D3-BF4B-00C04F79EFBC}") = "VR Testing new.Editor", "VR Testing new.Editor.csproj", "{6D23EC35-E3FE-49DF-9AA2-1765E5DDF4F2}"
EndProject
Project("{FAE04EC0-301F-11D3-BF4B-00C04F79EFBC}") = "VR Testing new.Editor.Plugins", "VR Testing new.Editor.Plugins.csproj", "{1A337EFE-9C90-AD40-FA2C-875BF967360D}"
EndProject
Global
	GlobalSection(SolutionConfigurationPlatforms) = preSolution
		Debug|Any CPU = Debug|Any CPU
		Release|Any CPU = Release|Any CPU
	EndGlobalSection
	GlobalSection(ProjectConfigurationPlatforms) = postSolution
		{AA6ECA52-0AAF-82E7-96A9-0A44BDC70195}.Debug|Any CPU.ActiveCfg = Debug|Any CPU
		{AA6ECA52-0AAF-82E7-96A9-0A44BDC70195}.Debug|Any CPU.Build.0 = Debug|Any CPU
		{AA6ECA52-0AAF-82E7-96A9-0A44BDC70195}.Release|Any CPU.ActiveCfg = Release|Any CPU
		{AA6ECA52-0AAF-82E7-96A9-0A44BDC70195}.Release|Any CPU.Build.0 = Release|Any CPU
		{4B2A2826-88EA-FB7D-9584-2D6FD070F9BA}.Debug|Any CPU.ActiveCfg = Debug|Any CPU
		{4B2A2826-88EA-FB7D-9584-2D6FD070F9BA}.Debug|Any CPU.Build.0 = Debug|Any CPU
		{4B2A2826-88EA-FB7D-9584-2D6FD070F9BA}.Release|Any CPU.ActiveCfg = Release|Any CPU
		{4B2A2826-88EA-FB7D-9584-2D6FD070F9BA}.Release|Any CPU.Build.0 = Release|Any CPU
		{6D23EC35-E3FE-49DF-9AA2-1765E5DDF4F2}.Debug|Any CPU.ActiveCfg = Debug|Any CPU
		{6D23EC35-E3FE-49DF-9AA2-1765E5DDF4F2}.Debug|Any CPU.Build.0 = Debug|Any CPU
		{6D23EC35-E3FE-49DF-9AA2-1765E5DDF4F2}.Release|Any CPU.ActiveCfg = Release|Any CPU
		{6D23EC35-E3FE-49DF-9AA2-1765E5DDF4F2}.Release|Any CPU.Build.0 = Release|Any CPU
		{1A337EFE-9C90-AD40-FA2C-875BF967360D}.Debug|Any CPU.ActiveCfg = Debug|Any CPU
		{1A337EFE-9C90-AD40-FA2C-875BF967360D}.Debug|Any CPU.Build.0 = Debug|Any CPU
		{1A337EFE-9C90-AD40-FA2C-875BF967360D}.Release|Any CPU.ActiveCfg = Release|Any CPU
		{1A337EFE-9C90-AD40-FA2C-875BF967360D}.Release|Any CPU.Build.0 = Release|Any CPU
	EndGlobalSection
	GlobalSection(SolutionProperties) = preSolution
		HideSolutionNode = FALSE
	EndGlobalSection
EndGlobal
